{
  "originHash" : "a45e7f4fe71d0c1f4b8d1488d2dd5776d2315889dc799aac0258aef43f0c1d31",
  "pins" : [
    {
      "identity" : "apphudsdk",
      "kind" : "remoteSourceControl",
      "location" : "https://github.com/apphud/ApphudSDK.git",
      "state" : {
        "revision" : "8b0a05fabec1a202b4ea716391c40caf5bd3fb1a",
        "version" : "3.4.0"
      }
    },
    {
      "identity" : "metrica-sdk-ios",
      "kind" : "remoteSourceControl",
      "location" : "https://github.com/yandexmobile/metrica-sdk-ios.git",
      "state" : {
        "revision" : "13d8b11181a33938ef42759d49466a621df5e7db",
        "version" : "4.5.2"
      }
    }
  ],
  "version" : 3
}
